// !$*UTF8*$!
{
	archiveVersion = 1;
	classes = {
	};
	objectVersion = 51;
	objects = {

/* Begin PBXBuildFile section */
		1EBEC0F0AB96A6CD3CC0B74C /* Pods_ReactorKitSample.framework in Frameworks */ = {isa = PBXBuildFile; fileRef = E8E65FCA8466F102BF1BDD1C /* Pods_ReactorKitSample.framework */; };
		494F471DA95C6B1887CA0A6B /* Pods_ReactorKitSample_ReactorKitSampleUITests.framework in Frameworks */ = {isa = PBXBuildFile; fileRef = A8A293E8008B2BBE2F908DD1 /* Pods_ReactorKitSample_ReactorKitSampleUITests.framework */; };
		6B2C015F1E7ED3AA0A61078E /* Pods_ReactorKitSampleTests.framework in Frameworks */ = {isa = PBXBuildFile; fileRef = 43882433007F995D7BD97510 /* Pods_ReactorKitSampleTests.framework */; };
		D30FBE652495AF0F00BF2A3D /* MockServer.swift in Sources */ = {isa = PBXBuildFile; fileRef = D30FBE642495AF0F00BF2A3D /* MockServer.swift */; };
		D33B2B462494689F008963B3 /* AlertAction.swift in Sources */ = {isa = PBXBuildFile; fileRef = D33B2B452494689F008963B3 /* AlertAction.swift */; };
		D33B2B4824946A29008963B3 /* Router.swift in Sources */ = {isa = PBXBuildFile; fileRef = D33B2B4724946A29008963B3 /* Router.swift */; };
		D3F92A8F2493D61A00BCF073 /* AppDelegate.swift in Sources */ = {isa = PBXBuildFile; fileRef = D3F92A8E2493D61A00BCF073 /* AppDelegate.swift */; };
		D3F92A912493D61A00BCF073 /* SceneDelegate.swift in Sources */ = {isa = PBXBuildFile; fileRef = D3F92A902493D61A00BCF073 /* SceneDelegate.swift */; };
		D3F92A932493D61A00BCF073 /* ViewController.swift in Sources */ = {isa = PBXBuildFile; fileRef = D3F92A922493D61A00BCF073 /* ViewController.swift */; };
		D3F92A962493D61A00BCF073 /* Main.storyboard in Resources */ = {isa = PBXBuildFile; fileRef = D3F92A942493D61A00BCF073 /* Main.storyboard */; };
		D3F92A982493D61A00BCF073 /* Assets.xcassets in Resources */ = {isa = PBXBuildFile; fileRef = D3F92A972493D61A00BCF073 /* Assets.xcassets */; };
		D3F92A9B2493D61A00BCF073 /* LaunchScreen.storyboard in Resources */ = {isa = PBXBuildFile; fileRef = D3F92A992493D61A00BCF073 /* LaunchScreen.storyboard */; };
		D3F92AA62493D61A00BCF073 /* ReactorKitSampleTests.swift in Sources */ = {isa = PBXBuildFile; fileRef = D3F92AA52493D61A00BCF073 /* ReactorKitSampleTests.swift */; };
		D3F92AB12493D61B00BCF073 /* ReactorKitSampleUITests.swift in Sources */ = {isa = PBXBuildFile; fileRef = D3F92AB02493D61B00BCF073 /* ReactorKitSampleUITests.swift */; };
		D3F92AC62493DA4600BCF073 /* AppReactor.swift in Sources */ = {isa = PBXBuildFile; fileRef = D3F92AC52493DA4600BCF073 /* AppReactor.swift */; };
		D3F92AC82493DACF00BCF073 /* Model.swift in Sources */ = {isa = PBXBuildFile; fileRef = D3F92AC72493DACF00BCF073 /* Model.swift */; };
		D3F92ACA2493DBDF00BCF073 /* DAO.swift in Sources */ = {isa = PBXBuildFile; fileRef = D3F92AC92493DBDF00BCF073 /* DAO.swift */; };
		D3F92AD32493DCCC00BCF073 /* Server.swift in Sources */ = {isa = PBXBuildFile; fileRef = D3F92AD22493DCCC00BCF073 /* Server.swift */; };
/* End PBXBuildFile section */

/* Begin PBXContainerItemProxy section */
		D3F92AA22493D61A00BCF073 /* PBXContainerItemProxy */ = {
			isa = PBXContainerItemProxy;
			containerPortal = D3F92A832493D61900BCF073 /* Project object */;
			proxyType = 1;
			remoteGlobalIDString = D3F92A8A2493D61900BCF073;
			remoteInfo = ReactorKitSample;
		};
		D3F92AAD2493D61B00BCF073 /* PBXContainerItemProxy */ = {
			isa = PBXContainerItemProxy;
			containerPortal = D3F92A832493D61900BCF073 /* Project object */;
			proxyType = 1;
			remoteGlobalIDString = D3F92A8A2493D61900BCF073;
			remoteInfo = ReactorKitSample;
		};
/* End PBXContainerItemProxy section */

/* Begin PBXFileReference section */
		43882433007F995D7BD97510 /* Pods_ReactorKitSampleTests.framework */ = {isa = PBXFileReference; explicitFileType = wrapper.framework; includeInIndex = 0; path = Pods_ReactorKitSampleTests.framework; sourceTree = BUILT_PRODUCTS_DIR; };
		4EA1A53E1B74BEF9294B21B3 /* Pods-ReactorKitSample-ReactorKitSampleUITests.release.xcconfig */ = {isa = PBXFileReference; includeInIndex = 1; lastKnownFileType = text.xcconfig; name = "Pods-ReactorKitSample-ReactorKitSampleUITests.release.xcconfig"; path = "Target Support Files/Pods-ReactorKitSample-ReactorKitSampleUITests/Pods-ReactorKitSample-ReactorKitSampleUITests.release.xcconfig"; sourceTree = "<group>"; };
		5E4D9F0DDE2ABE0FD55573CC /* Pods-ReactorKitSample.release.xcconfig */ = {isa = PBXFileReference; includeInIndex = 1; lastKnownFileType = text.xcconfig; name = "Pods-ReactorKitSample.release.xcconfig"; path = "Target Support Files/Pods-ReactorKitSample/Pods-ReactorKitSample.release.xcconfig"; sourceTree = "<group>"; };
		7BEC1CDFFDD41CCFF76B01FB /* Pods-ReactorKitSampleTests.debug.xcconfig */ = {isa = PBXFileReference; includeInIndex = 1; lastKnownFileType = text.xcconfig; name = "Pods-ReactorKitSampleTests.debug.xcconfig"; path = "Target Support Files/Pods-ReactorKitSampleTests/Pods-ReactorKitSampleTests.debug.xcconfig"; sourceTree = "<group>"; };
		9A6ADA32E48FD86513C0006D /* Pods-ReactorKitSampleTests.release.xcconfig */ = {isa = PBXFileReference; includeInIndex = 1; lastKnownFileType = text.xcconfig; name = "Pods-ReactorKitSampleTests.release.xcconfig"; path = "Target Support Files/Pods-ReactorKitSampleTests/Pods-ReactorKitSampleTests.release.xcconfig"; sourceTree = "<group>"; };
		A8A293E8008B2BBE2F908DD1 /* Pods_ReactorKitSample_ReactorKitSampleUITests.framework */ = {isa = PBXFileReference; explicitFileType = wrapper.framework; includeInIndex = 0; path = Pods_ReactorKitSample_ReactorKitSampleUITests.framework; sourceTree = BUILT_PRODUCTS_DIR; };
		D30FBE642495AF0F00BF2A3D /* MockServer.swift */ = {isa = PBXFileReference; lastKnownFileType = sourcecode.swift; path = MockServer.swift; sourceTree = "<group>"; };
		D33B2B452494689F008963B3 /* AlertAction.swift */ = {isa = PBXFileReference; lastKnownFileType = sourcecode.swift; path = AlertAction.swift; sourceTree = "<group>"; };
		D33B2B4724946A29008963B3 /* Router.swift */ = {isa = PBXFileReference; lastKnownFileType = sourcecode.swift; path = Router.swift; sourceTree = "<group>"; };
		D3DBB49A24959D6100268B40 /* ReactorKitRuntime.framework */ = {isa = PBXFileReference; lastKnownFileType = wrapper.framework; name = ReactorKitRuntime.framework; path = Carthage/Build/iOS/ReactorKitRuntime.framework; sourceTree = "<group>"; };
		D3F92A8B2493D61900BCF073 /* ReactorKitSample.app */ = {isa = PBXFileReference; explicitFileType = wrapper.application; includeInIndex = 0; path = ReactorKitSample.app; sourceTree = BUILT_PRODUCTS_DIR; };
		D3F92A8E2493D61A00BCF073 /* AppDelegate.swift */ = {isa = PBXFileReference; lastKnownFileType = sourcecode.swift; path = AppDelegate.swift; sourceTree = "<group>"; };
		D3F92A902493D61A00BCF073 /* SceneDelegate.swift */ = {isa = PBXFileReference; lastKnownFileType = sourcecode.swift; path = SceneDelegate.swift; sourceTree = "<group>"; };
		D3F92A922493D61A00BCF073 /* ViewController.swift */ = {isa = PBXFileReference; lastKnownFileType = sourcecode.swift; path = ViewController.swift; sourceTree = "<group>"; };
		D3F92A952493D61A00BCF073 /* Base */ = {isa = PBXFileReference; lastKnownFileType = file.storyboard; name = Base; path = Base.lproj/Main.storyboard; sourceTree = "<group>"; };
		D3F92A972493D61A00BCF073 /* Assets.xcassets */ = {isa = PBXFileReference; lastKnownFileType = folder.assetcatalog; path = Assets.xcassets; sourceTree = "<group>"; };
		D3F92A9A2493D61A00BCF073 /* Base */ = {isa = PBXFileReference; lastKnownFileType = file.storyboard; name = Base; path = Base.lproj/LaunchScreen.storyboard; sourceTree = "<group>"; };
		D3F92A9C2493D61A00BCF073 /* Info.plist */ = {isa = PBXFileReference; lastKnownFileType = text.plist.xml; path = Info.plist; sourceTree = "<group>"; };
		D3F92AA12493D61A00BCF073 /* ReactorKitSampleTests.xctest */ = {isa = PBXFileReference; explicitFileType = wrapper.cfbundle; includeInIndex = 0; path = ReactorKitSampleTests.xctest; sourceTree = BUILT_PRODUCTS_DIR; };
		D3F92AA52493D61A00BCF073 /* ReactorKitSampleTests.swift */ = {isa = PBXFileReference; lastKnownFileType = sourcecode.swift; path = ReactorKitSampleTests.swift; sourceTree = "<group>"; };
		D3F92AA72493D61B00BCF073 /* Info.plist */ = {isa = PBXFileReference; lastKnownFileType = text.plist.xml; path = Info.plist; sourceTree = "<group>"; };
		D3F92AAC2493D61B00BCF073 /* ReactorKitSampleUITests.xctest */ = {isa = PBXFileReference; explicitFileType = wrapper.cfbundle; includeInIndex = 0; path = ReactorKitSampleUITests.xctest; sourceTree = BUILT_PRODUCTS_DIR; };
		D3F92AB02493D61B00BCF073 /* ReactorKitSampleUITests.swift */ = {isa = PBXFileReference; lastKnownFileType = sourcecode.swift; path = ReactorKitSampleUITests.swift; sourceTree = "<group>"; };
		D3F92AB22493D61B00BCF073 /* Info.plist */ = {isa = PBXFileReference; lastKnownFileType = text.plist.xml; path = Info.plist; sourceTree = "<group>"; };
		D3F92AC02493D9D700BCF073 /* ReactorKit.framework */ = {isa = PBXFileReference; lastKnownFileType = wrapper.framework; name = ReactorKit.framework; path = Carthage/Build/iOS/ReactorKit.framework; sourceTree = "<group>"; };
		D3F92AC52493DA4600BCF073 /* AppReactor.swift */ = {isa = PBXFileReference; lastKnownFileType = sourcecode.swift; path = AppReactor.swift; sourceTree = "<group>"; };
		D3F92AC72493DACF00BCF073 /* Model.swift */ = {isa = PBXFileReference; lastKnownFileType = sourcecode.swift; path = Model.swift; sourceTree = "<group>"; };
		D3F92AC92493DBDF00BCF073 /* DAO.swift */ = {isa = PBXFileReference; lastKnownFileType = sourcecode.swift; path = DAO.swift; sourceTree = "<group>"; };
		D3F92AD22493DCCC00BCF073 /* Server.swift */ = {isa = PBXFileReference; lastKnownFileType = sourcecode.swift; path = Server.swift; sourceTree = "<group>"; };
		E2C05B2A249BD01693BC5401 /* Pods-ReactorKitSample-ReactorKitSampleUITests.debug.xcconfig */ = {isa = PBXFileReference; includeInIndex = 1; lastKnownFileType = text.xcconfig; name = "Pods-ReactorKitSample-ReactorKitSampleUITests.debug.xcconfig"; path = "Target Support Files/Pods-ReactorKitSample-ReactorKitSampleUITests/Pods-ReactorKitSample-ReactorKitSampleUITests.debug.xcconfig"; sourceTree = "<group>"; };
		E8E65FCA8466F102BF1BDD1C /* Pods_ReactorKitSample.framework */ = {isa = PBXFileReference; explicitFileType = wrapper.framework; includeInIndex = 0; path = Pods_ReactorKitSample.framework; sourceTree = BUILT_PRODUCTS_DIR; };
		EBFFCBFC08641F2B842D6145 /* Pods-ReactorKitSample.debug.xcconfig */ = {isa = PBXFileReference; includeInIndex = 1; lastKnownFileType = text.xcconfig; name = "Pods-ReactorKitSample.debug.xcconfig"; path = "Target Support Files/Pods-ReactorKitSample/Pods-ReactorKitSample.debug.xcconfig"; sourceTree = "<group>"; };
/* End PBXFileReference section */

/* Begin PBXFrameworksBuildPhase section */
		D3F92A882493D61900BCF073 /* Frameworks */ = {
			isa = PBXFrameworksBuildPhase;
			buildActionMask = 2147483647;
			files = (
				1EBEC0F0AB96A6CD3CC0B74C /* Pods_ReactorKitSample.framework in Frameworks */,
			);
			runOnlyForDeploymentPostprocessing = 0;
		};
		D3F92A9E2493D61A00BCF073 /* Frameworks */ = {
			isa = PBXFrameworksBuildPhase;
			buildActionMask = 2147483647;
			files = (
				6B2C015F1E7ED3AA0A61078E /* Pods_ReactorKitSampleTests.framework in Frameworks */,
			);
			runOnlyForDeploymentPostprocessing = 0;
		};
		D3F92AA92493D61B00BCF073 /* Frameworks */ = {
			isa = PBXFrameworksBuildPhase;
			buildActionMask = 2147483647;
			files = (
				494F471DA95C6B1887CA0A6B /* Pods_ReactorKitSample_ReactorKitSampleUITests.framework in Frameworks */,
			);
			runOnlyForDeploymentPostprocessing = 0;
		};
/* End PBXFrameworksBuildPhase section */

/* Begin PBXGroup section */
		CC10DF660DE996FD4BE8B21D /* Pods */ = {
			isa = PBXGroup;
			children = (
				EBFFCBFC08641F2B842D6145 /* Pods-ReactorKitSample.debug.xcconfig */,
				5E4D9F0DDE2ABE0FD55573CC /* Pods-ReactorKitSample.release.xcconfig */,
				E2C05B2A249BD01693BC5401 /* Pods-ReactorKitSample-ReactorKitSampleUITests.debug.xcconfig */,
				4EA1A53E1B74BEF9294B21B3 /* Pods-ReactorKitSample-ReactorKitSampleUITests.release.xcconfig */,
				7BEC1CDFFDD41CCFF76B01FB /* Pods-ReactorKitSampleTests.debug.xcconfig */,
				9A6ADA32E48FD86513C0006D /* Pods-ReactorKitSampleTests.release.xcconfig */,
			);
			path = Pods;
			sourceTree = "<group>";
		};
		D3F92A822493D61900BCF073 = {
			isa = PBXGroup;
			children = (
				D3F92A8D2493D61900BCF073 /* ReactorKitSample */,
				D3F92AA42493D61A00BCF073 /* ReactorKitSampleTests */,
				D3F92AAF2493D61B00BCF073 /* ReactorKitSampleUITests */,
				D3F92A8C2493D61900BCF073 /* Products */,
				D3F92ABF2493D9D700BCF073 /* Frameworks */,
				CC10DF660DE996FD4BE8B21D /* Pods */,
			);
			sourceTree = "<group>";
		};
		D3F92A8C2493D61900BCF073 /* Products */ = {
			isa = PBXGroup;
			children = (
				D3F92A8B2493D61900BCF073 /* ReactorKitSample.app */,
				D3F92AA12493D61A00BCF073 /* ReactorKitSampleTests.xctest */,
				D3F92AAC2493D61B00BCF073 /* ReactorKitSampleUITests.xctest */,
			);
			name = Products;
			sourceTree = "<group>";
		};
		D3F92A8D2493D61900BCF073 /* ReactorKitSample */ = {
			isa = PBXGroup;
			children = (
				D3F92A9C2493D61A00BCF073 /* Info.plist */,
				D33B2B452494689F008963B3 /* AlertAction.swift */,
				D3F92A8E2493D61A00BCF073 /* AppDelegate.swift */,
				D3F92AC52493DA4600BCF073 /* AppReactor.swift */,
				D3F92AC92493DBDF00BCF073 /* DAO.swift */,
				D30FBE642495AF0F00BF2A3D /* MockServer.swift */,
				D3F92AC72493DACF00BCF073 /* Model.swift */,
				D33B2B4724946A29008963B3 /* Router.swift */,
				D3F92A902493D61A00BCF073 /* SceneDelegate.swift */,
				D3F92AD22493DCCC00BCF073 /* Server.swift */,
				D3F92A922493D61A00BCF073 /* ViewController.swift */,
				D3F92A972493D61A00BCF073 /* Assets.xcassets */,
				D3F92A992493D61A00BCF073 /* LaunchScreen.storyboard */,
				D3F92A942493D61A00BCF073 /* Main.storyboard */,
			);
			path = ReactorKitSample;
			sourceTree = "<group>";
		};
		D3F92AA42493D61A00BCF073 /* ReactorKitSampleTests */ = {
			isa = PBXGroup;
			children = (
				D3F92AA52493D61A00BCF073 /* ReactorKitSampleTests.swift */,
				D3F92AA72493D61B00BCF073 /* Info.plist */,
			);
			path = ReactorKitSampleTests;
			sourceTree = "<group>";
		};
		D3F92AAF2493D61B00BCF073 /* ReactorKitSampleUITests */ = {
			isa = PBXGroup;
			children = (
				D3F92AB02493D61B00BCF073 /* ReactorKitSampleUITests.swift */,
				D3F92AB22493D61B00BCF073 /* Info.plist */,
			);
			path = ReactorKitSampleUITests;
			sourceTree = "<group>";
		};
		D3F92ABF2493D9D700BCF073 /* Frameworks */ = {
			isa = PBXGroup;
			children = (
				D3DBB49A24959D6100268B40 /* ReactorKitRuntime.framework */,
				D3F92AC02493D9D700BCF073 /* ReactorKit.framework */,
				E8E65FCA8466F102BF1BDD1C /* Pods_ReactorKitSample.framework */,
				A8A293E8008B2BBE2F908DD1 /* Pods_ReactorKitSample_ReactorKitSampleUITests.framework */,
				43882433007F995D7BD97510 /* Pods_ReactorKitSampleTests.framework */,
			);
			name = Frameworks;
			sourceTree = "<group>";
		};
/* End PBXGroup section */

/* Begin PBXNativeTarget section */
		D3F92A8A2493D61900BCF073 /* ReactorKitSample */ = {
			isa = PBXNativeTarget;
			buildConfigurationList = D3F92AB52493D61B00BCF073 /* Build configuration list for PBXNativeTarget "ReactorKitSample" */;
			buildPhases = (
				82FE4FCFBF74D71831F3A091 /* [CP] Check Pods Manifest.lock */,
				D3F92A872493D61900BCF073 /* Sources */,
				D3F92A882493D61900BCF073 /* Frameworks */,
				D3F92A892493D61900BCF073 /* Resources */,
				2F086BD5B8469C96D879C340 /* [CP] Embed Pods Frameworks */,
			);
			buildRules = (
			);
			dependencies = (
			);
			name = ReactorKitSample;
			packageProductDependencies = (
			);
			productName = ReactorKitSample;
			productReference = D3F92A8B2493D61900BCF073 /* ReactorKitSample.app */;
			productType = "com.apple.product-type.application";
		};
		D3F92AA02493D61A00BCF073 /* ReactorKitSampleTests */ = {
			isa = PBXNativeTarget;
			buildConfigurationList = D3F92AB82493D61B00BCF073 /* Build configuration list for PBXNativeTarget "ReactorKitSampleTests" */;
			buildPhases = (
				C7EC4DDCF5097B8F012C9058 /* [CP] Check Pods Manifest.lock */,
				D3F92A9D2493D61A00BCF073 /* Sources */,
				D3F92A9E2493D61A00BCF073 /* Frameworks */,
				D3F92A9F2493D61A00BCF073 /* Resources */,
			);
			buildRules = (
			);
			dependencies = (
				D3F92AA32493D61A00BCF073 /* PBXTargetDependency */,
			);
			name = ReactorKitSampleTests;
			productName = ReactorKitSampleTests;
			productReference = D3F92AA12493D61A00BCF073 /* ReactorKitSampleTests.xctest */;
			productType = "com.apple.product-type.bundle.unit-test";
		};
		D3F92AAB2493D61B00BCF073 /* ReactorKitSampleUITests */ = {
			isa = PBXNativeTarget;
			buildConfigurationList = D3F92ABB2493D61B00BCF073 /* Build configuration list for PBXNativeTarget "ReactorKitSampleUITests" */;
			buildPhases = (
				95EB76D597D5D4279E47D0B3 /* [CP] Check Pods Manifest.lock */,
				D3F92AA82493D61B00BCF073 /* Sources */,
				D3F92AA92493D61B00BCF073 /* Frameworks */,
				D3F92AAA2493D61B00BCF073 /* Resources */,
				16B377C1D0155295F2042489 /* [CP] Embed Pods Frameworks */,
			);
			buildRules = (
			);
			dependencies = (
				D3F92AAE2493D61B00BCF073 /* PBXTargetDependency */,
			);
			name = ReactorKitSampleUITests;
			productName = ReactorKitSampleUITests;
			productReference = D3F92AAC2493D61B00BCF073 /* ReactorKitSampleUITests.xctest */;
			productType = "com.apple.product-type.bundle.ui-testing";
		};
/* End PBXNativeTarget section */

/* Begin PBXProject section */
		D3F92A832493D61900BCF073 /* Project object */ = {
			isa = PBXProject;
			attributes = {
				LastSwiftUpdateCheck = 1150;
				LastUpgradeCheck = 1150;
				ORGANIZATIONNAME = "Fumiya Tanaka";
				TargetAttributes = {
					D3F92A8A2493D61900BCF073 = {
						CreatedOnToolsVersion = 11.5;
					};
					D3F92AA02493D61A00BCF073 = {
						CreatedOnToolsVersion = 11.5;
						TestTargetID = D3F92A8A2493D61900BCF073;
					};
					D3F92AAB2493D61B00BCF073 = {
						CreatedOnToolsVersion = 11.5;
						TestTargetID = D3F92A8A2493D61900BCF073;
					};
				};
			};
			buildConfigurationList = D3F92A862493D61900BCF073 /* Build configuration list for PBXProject "ReactorKitSample" */;
			compatibilityVersion = "Xcode 9.3";
			developmentRegion = en;
			hasScannedForEncodings = 0;
			knownRegions = (
				en,
				Base,
			);
			mainGroup = D3F92A822493D61900BCF073;
			packageReferences = (
			);
			productRefGroup = D3F92A8C2493D61900BCF073 /* Products */;
			projectDirPath = "";
			projectRoot = "";
			targets = (
				D3F92A8A2493D61900BCF073 /* ReactorKitSample */,
				D3F92AA02493D61A00BCF073 /* ReactorKitSampleTests */,
				D3F92AAB2493D61B00BCF073 /* ReactorKitSampleUITests */,
			);
		};
/* End PBXProject section */

/* Begin PBXResourcesBuildPhase section */
		D3F92A892493D61900BCF073 /* Resources */ = {
			isa = PBXResourcesBuildPhase;
			buildActionMask = 2147483647;
			files = (
				D3F92A9B2493D61A00BCF073 /* LaunchScreen.storyboard in Resources */,
				D3F92A982493D61A00BCF073 /* Assets.xcassets in Resources */,
				D3F92A962493D61A00BCF073 /* Main.storyboard in Resources */,
			);
			runOnlyForDeploymentPostprocessing = 0;
		};
		D3F92A9F2493D61A00BCF073 /* Resources */ = {
			isa = PBXResourcesBuildPhase;
			buildActionMask = 2147483647;
			files = (
			);
			runOnlyForDeploymentPostprocessing = 0;
		};
		D3F92AAA2493D61B00BCF073 /* Resources */ = {
			isa = PBXResourcesBuildPhase;
			buildActionMask = 2147483647;
			files = (
			);
			runOnlyForDeploymentPostprocessing = 0;
		};
/* End PBXResourcesBuildPhase section */

/* Begin PBXShellScriptBuildPhase section */
		16B377C1D0155295F2042489 /* [CP] Embed Pods Frameworks */ = {
			isa = PBXShellScriptBuildPhase;
			buildActionMask = 2147483647;
			files = (
			);
			inputFileListPaths = (
				"${PODS_ROOT}/Target Support Files/Pods-ReactorKitSample-ReactorKitSampleUITests/Pods-ReactorKitSample-ReactorKitSampleUITests-frameworks-${CONFIGURATION}-input-files.xcfilelist",
			);
			name = "[CP] Embed Pods Frameworks";
			outputFileListPaths = (
				"${PODS_ROOT}/Target Support Files/Pods-ReactorKitSample-ReactorKitSampleUITests/Pods-ReactorKitSample-ReactorKitSampleUITests-frameworks-${CONFIGURATION}-output-files.xcfilelist",
			);
			runOnlyForDeploymentPostprocessing = 0;
			shellPath = /bin/sh;
			shellScript = "\"${PODS_ROOT}/Target Support Files/Pods-ReactorKitSample-ReactorKitSampleUITests/Pods-ReactorKitSample-ReactorKitSampleUITests-frameworks.sh\"\n";
			showEnvVarsInLog = 0;
		};
		2F086BD5B8469C96D879C340 /* [CP] Embed Pods Frameworks */ = {
			isa = PBXShellScriptBuildPhase;
			buildActionMask = 2147483647;
			files = (
			);
			inputFileListPaths = (
				"${PODS_ROOT}/Target Support Files/Pods-ReactorKitSample/Pods-ReactorKitSample-frameworks-${CONFIGURATION}-input-files.xcfilelist",
			);
			name = "[CP] Embed Pods Frameworks";
			outputFileListPaths = (
				"${PODS_ROOT}/Target Support Files/Pods-ReactorKitSample/Pods-ReactorKitSample-frameworks-${CONFIGURATION}-output-files.xcfilelist",
			);
			runOnlyForDeploymentPostprocessing = 0;
			shellPath = /bin/sh;
			shellScript = "\"${PODS_ROOT}/Target Support Files/Pods-ReactorKitSample/Pods-ReactorKitSample-frameworks.sh\"\n";
			showEnvVarsInLog = 0;
		};
		82FE4FCFBF74D71831F3A091 /* [CP] Check Pods Manifest.lock */ = {
			isa = PBXShellScriptBuildPhase;
			buildActionMask = 2147483647;
			files = (
			);
			inputFileListPaths = (
			);
			inputPaths = (
				"${PODS_PODFILE_DIR_PATH}/Podfile.lock",
				"${PODS_ROOT}/Manifest.lock",
			);
			name = "[CP] Check Pods Manifest.lock";
			outputFileListPaths = (
			);
			outputPaths = (
				"$(DERIVED_FILE_DIR)/Pods-ReactorKitSample-checkManifestLockResult.txt",
			);
			runOnlyForDeploymentPostprocessing = 0;
			shellPath = /bin/sh;
			shellScript = "diff \"${PODS_PODFILE_DIR_PATH}/Podfile.lock\" \"${PODS_ROOT}/Manifest.lock\" > /dev/null\nif [ $? != 0 ] ; then\n    # print error to STDERR\n    echo \"error: The sandbox is not in sync with the Podfile.lock. Run 'pod install' or update your CocoaPods installation.\" >&2\n    exit 1\nfi\n# This output is used by Xcode 'outputs' to avoid re-running this script phase.\necho \"SUCCESS\" > \"${SCRIPT_OUTPUT_FILE_0}\"\n";
			showEnvVarsInLog = 0;
		};
		95EB76D597D5D4279E47D0B3 /* [CP] Check Pods Manifest.lock */ = {
			isa = PBXShellScriptBuildPhase;
			buildActionMask = 2147483647;
			files = (
			);
			inputFileListPaths = (
			);
			inputPaths = (
				"${PODS_PODFILE_DIR_PATH}/Podfile.lock",
				"${PODS_ROOT}/Manifest.lock",
			);
			name = "[CP] Check Pods Manifest.lock";
			outputFileListPaths = (
			);
			outputPaths = (
				"$(DERIVED_FILE_DIR)/Pods-ReactorKitSample-ReactorKitSampleUITests-checkManifestLockResult.txt",
			);
			runOnlyForDeploymentPostprocessing = 0;
			shellPath = /bin/sh;
			shellScript = "diff \"${PODS_PODFILE_DIR_PATH}/Podfile.lock\" \"${PODS_ROOT}/Manifest.lock\" > /dev/null\nif [ $? != 0 ] ; then\n    # print error to STDERR\n    echo \"error: The sandbox is not in sync with the Podfile.lock. Run 'pod install' or update your CocoaPods installation.\" >&2\n    exit 1\nfi\n# This output is used by Xcode 'outputs' to avoid re-running this script phase.\necho \"SUCCESS\" > \"${SCRIPT_OUTPUT_FILE_0}\"\n";
			showEnvVarsInLog = 0;
		};
		C7EC4DDCF5097B8F012C9058 /* [CP] Check Pods Manifest.lock */ = {
			isa = PBXShellScriptBuildPhase;
			buildActionMask = 2147483647;
			files = (
			);
			inputFileListPaths = (
			);
			inputPaths = (
				"${PODS_PODFILE_DIR_PATH}/Podfile.lock",
				"${PODS_ROOT}/Manifest.lock",
			);
			name = "[CP] Check Pods Manifest.lock";
			outputFileListPaths = (
			);
			outputPaths = (
				"$(DERIVED_FILE_DIR)/Pods-ReactorKitSampleTests-checkManifestLockResult.txt",
			);
			runOnlyForDeploymentPostprocessing = 0;
			shellPath = /bin/sh;
			shellScript = "diff \"${PODS_PODFILE_DIR_PATH}/Podfile.lock\" \"${PODS_ROOT}/Manifest.lock\" > /dev/null\nif [ $? != 0 ] ; then\n    # print error to STDERR\n    echo \"error: The sandbox is not in sync with the Podfile.lock. Run 'pod install' or update your CocoaPods installation.\" >&2\n    exit 1\nfi\n# This output is used by Xcode 'outputs' to avoid re-running this script phase.\necho \"SUCCESS\" > \"${SCRIPT_OUTPUT_FILE_0}\"\n";
			showEnvVarsInLog = 0;
		};
/* End PBXShellScriptBuildPhase section */

/* Begin PBXSourcesBuildPhase section */
		D3F92A872493D61900BCF073 /* Sources */ = {
			isa = PBXSourcesBuildPhase;
			buildActionMask = 2147483647;
			files = (
				D3F92AD32493DCCC00BCF073 /* Server.swift in Sources */,
				D3F92ACA2493DBDF00BCF073 /* DAO.swift in Sources */,
				D33B2B462494689F008963B3 /* AlertAction.swift in Sources */,
				D3F92AC82493DACF00BCF073 /* Model.swift in Sources */,
				D33B2B4824946A29008963B3 /* Router.swift in Sources */,
				D3F92AC62493DA4600BCF073 /* AppReactor.swift in Sources */,
				D30FBE652495AF0F00BF2A3D /* MockServer.swift in Sources */,
				D3F92A932493D61A00BCF073 /* ViewController.swift in Sources */,
				D3F92A8F2493D61A00BCF073 /* AppDelegate.swift in Sources */,
				D3F92A912493D61A00BCF073 /* SceneDelegate.swift in Sources */,
			);
			runOnlyForDeploymentPostprocessing = 0;
		};
		D3F92A9D2493D61A00BCF073 /* Sources */ = {
			isa = PBXSourcesBuildPhase;
			buildActionMask = 2147483647;
			files = (
				D3F92AA62493D61A00BCF073 /* ReactorKitSampleTests.swift in Sources */,
			);
			runOnlyForDeploymentPostprocessing = 0;
		};
		D3F92AA82493D61B00BCF073 /* Sources */ = {
			isa = PBXSourcesBuildPhase;
			buildActionMask = 2147483647;
			files = (
				D3F92AB12493D61B00BCF073 /* ReactorKitSampleUITests.swift in Sources */,
			);
			runOnlyForDeploymentPostprocessing = 0;
		};
/* End PBXSourcesBuildPhase section */

/* Begin PBXTargetDependency section */
		D3F92AA32493D61A00BCF073 /* PBXTargetDependency */ = {
			isa = PBXTargetDependency;
			target = D3F92A8A2493D61900BCF073 /* ReactorKitSample */;
			targetProxy = D3F92AA22493D61A00BCF073 /* PBXContainerItemProxy */;
		};
		D3F92AAE2493D61B00BCF073 /* PBXTargetDependency */ = {
			isa = PBXTargetDependency;
			target = D3F92A8A2493D61900BCF073 /* ReactorKitSample */;
			targetProxy = D3F92AAD2493D61B00BCF073 /* PBXContainerItemProxy */;
		};
/* End PBXTargetDependency section */

/* Begin PBXVariantGroup section */
		D3F92A942493D61A00BCF073 /* Main.storyboard */ = {
			isa = PBXVariantGroup;
			children = (
				D3F92A952493D61A00BCF073 /* Base */,
			);
			name = Main.storyboard;
			sourceTree = "<group>";
		};
		D3F92A992493D61A00BCF073 /* LaunchScreen.storyboard */ = {
			isa = PBXVariantGroup;
			children = (
				D3F92A9A2493D61A00BCF073 /* Base */,
			);
			name = LaunchScreen.storyboard;
			sourceTree = "<group>";
		};
/* End PBXVariantGroup section */

/* Begin XCBuildConfiguration section */
		D3F92AB32493D61B00BCF073 /* Debug */ = {
			isa = XCBuildConfiguration;
			buildSettings = {
				ALWAYS_SEARCH_USER_PATHS = NO;
				CLANG_ANALYZER_NONNULL = YES;
				CLANG_ANALYZER_NUMBER_OBJECT_CONVERSION = YES_AGGRESSIVE;
				CLANG_CXX_LANGUAGE_STANDARD = "gnu++14";
				CLANG_CXX_LIBRARY = "libc++";
				CLANG_ENABLE_MODULES = YES;
				CLANG_ENABLE_OBJC_ARC = YES;
				CLANG_ENABLE_OBJC_WEAK = YES;
				CLANG_WARN_BLOCK_CAPTURE_AUTORELEASING = YES;
				CLANG_WARN_BOOL_CONVERSION = YES;
				CLANG_WARN_COMMA = YES;
				CLANG_WARN_CONSTANT_CONVERSION = YES;
				CLANG_WARN_DEPRECATED_OBJC_IMPLEMENTATIONS = YES;
				CLANG_WARN_DIRECT_OBJC_ISA_USAGE = YES_ERROR;
				CLANG_WARN_DOCUMENTATION_COMMENTS = YES;
				CLANG_WARN_EMPTY_BODY = YES;
				CLANG_WARN_ENUM_CONVERSION = YES;
				CLANG_WARN_INFINITE_RECURSION = YES;
				CLANG_WARN_INT_CONVERSION = YES;
				CLANG_WARN_NON_LITERAL_NULL_CONVERSION = YES;
				CLANG_WARN_OBJC_IMPLICIT_RETAIN_SELF = YES;
				CLANG_WARN_OBJC_LITERAL_CONVERSION = YES;
				CLANG_WARN_OBJC_ROOT_CLASS = YES_ERROR;
				CLANG_WARN_RANGE_LOOP_ANALYSIS = YES;
				CLANG_WARN_STRICT_PROTOTYPES = YES;
				CLANG_WARN_SUSPICIOUS_MOVE = YES;
				CLANG_WARN_UNGUARDED_AVAILABILITY = YES_AGGRESSIVE;
				CLANG_WARN_UNREACHABLE_CODE = YES;
				CLANG_WARN__DUPLICATE_METHOD_MATCH = YES;
				COPY_PHASE_STRIP = NO;
				DEBUG_INFORMATION_FORMAT = dwarf;
				ENABLE_STRICT_OBJC_MSGSEND = YES;
				ENABLE_TESTABILITY = YES;
				GCC_C_LANGUAGE_STANDARD = gnu11;
				GCC_DYNAMIC_NO_PIC = NO;
				GCC_NO_COMMON_BLOCKS = YES;
				GCC_OPTIMIZATION_LEVEL = 0;
				GCC_PREPROCESSOR_DEFINITIONS = (
					"DEBUG=1",
					"$(inherited)",
				);
				GCC_WARN_64_TO_32_BIT_CONVERSION = YES;
				GCC_WARN_ABOUT_RETURN_TYPE = YES_ERROR;
				GCC_WARN_UNDECLARED_SELECTOR = YES;
				GCC_WARN_UNINITIALIZED_AUTOS = YES_AGGRESSIVE;
				GCC_WARN_UNUSED_FUNCTION = YES;
				GCC_WARN_UNUSED_VARIABLE = YES;
				IPHONEOS_DEPLOYMENT_TARGET = 13.5;
				MTL_ENABLE_DEBUG_INFO = INCLUDE_SOURCE;
				MTL_FAST_MATH = YES;
				ONLY_ACTIVE_ARCH = YES;
				SDKROOT = iphoneos;
				SWIFT_ACTIVE_COMPILATION_CONDITIONS = DEBUG;
				SWIFT_OPTIMIZATION_LEVEL = "-Onone";
			};
			name = Debug;
		};
		D3F92AB42493D61B00BCF073 /* Release */ = {
			isa = XCBuildConfiguration;
			buildSettings = {
				ALWAYS_SEARCH_USER_PATHS = NO;
				CLANG_ANALYZER_NONNULL = YES;
				CLANG_ANALYZER_NUMBER_OBJECT_CONVERSION = YES_AGGRESSIVE;
				CLANG_CXX_LANGUAGE_STANDARD = "gnu++14";
				CLANG_CXX_LIBRARY = "libc++";
				CLANG_ENABLE_MODULES = YES;
				CLANG_ENABLE_OBJC_ARC = YES;
				CLANG_ENABLE_OBJC_WEAK = YES;
				CLANG_WARN_BLOCK_CAPTURE_AUTORELEASING = YES;
				CLANG_WARN_BOOL_CONVERSION = YES;
				CLANG_WARN_COMMA = YES;
				CLANG_WARN_CONSTANT_CONVERSION = YES;
				CLANG_WARN_DEPRECATED_OBJC_IMPLEMENTATIONS = YES;
				CLANG_WARN_DIRECT_OBJC_ISA_USAGE = YES_ERROR;
				CLANG_WARN_DOCUMENTATION_COMMENTS = YES;
				CLANG_WARN_EMPTY_BODY = YES;
				CLANG_WARN_ENUM_CONVERSION = YES;
				CLANG_WARN_INFINITE_RECURSION = YES;
				CLANG_WARN_INT_CONVERSION = YES;
				CLANG_WARN_NON_LITERAL_NULL_CONVERSION = YES;
				CLANG_WARN_OBJC_IMPLICIT_RETAIN_SELF = YES;
				CLANG_WARN_OBJC_LITERAL_CONVERSION = YES;
				CLANG_WARN_OBJC_ROOT_CLASS = YES_ERROR;
				CLANG_WARN_RANGE_LOOP_ANALYSIS = YES;
				CLANG_WARN_STRICT_PROTOTYPES = YES;
				CLANG_WARN_SUSPICIOUS_MOVE = YES;
				CLANG_WARN_UNGUARDED_AVAILABILITY = YES_AGGRESSIVE;
				CLANG_WARN_UNREACHABLE_CODE = YES;
				CLANG_WARN__DUPLICATE_METHOD_MATCH = YES;
				COPY_PHASE_STRIP = NO;
				DEBUG_INFORMATION_FORMAT = "dwarf-with-dsym";
				ENABLE_NS_ASSERTIONS = NO;
				ENABLE_STRICT_OBJC_MSGSEND = YES;
				GCC_C_LANGUAGE_STANDARD = gnu11;
				GCC_NO_COMMON_BLOCKS = YES;
				GCC_WARN_64_TO_32_BIT_CONVERSION = YES;
				GCC_WARN_ABOUT_RETURN_TYPE = YES_ERROR;
				GCC_WARN_UNDECLARED_SELECTOR = YES;
				GCC_WARN_UNINITIALIZED_AUTOS = YES_AGGRESSIVE;
				GCC_WARN_UNUSED_FUNCTION = YES;
				GCC_WARN_UNUSED_VARIABLE = YES;
				IPHONEOS_DEPLOYMENT_TARGET = 13.5;
				MTL_ENABLE_DEBUG_INFO = NO;
				MTL_FAST_MATH = YES;
				SDKROOT = iphoneos;
				SWIFT_COMPILATION_MODE = wholemodule;
				SWIFT_OPTIMIZATION_LEVEL = "-O";
				VALIDATE_PRODUCT = YES;
			};
			name = Release;
		};
		D3F92AB62493D61B00BCF073 /* Debug */ = {
			isa = XCBuildConfiguration;
			baseConfigurationReference = EBFFCBFC08641F2B842D6145 /* Pods-ReactorKitSample.debug.xcconfig */;
			buildSettings = {
				ASSETCATALOG_COMPILER_APPICON_NAME = AppIcon;
				CODE_SIGN_STYLE = Automatic;
				DEVELOPMENT_TEAM = 2X6AD4W323;
				FRAMEWORK_SEARCH_PATHS = (
					"$(inherited)",
					"$(PROJECT_DIR)/Carthage/Build/iOS",
				);
				INFOPLIST_FILE = ReactorKitSample/Info.plist;
				LD_RUNPATH_SEARCH_PATHS = (
					"$(inherited)",
					"@executable_path/Frameworks",
				);
				PRODUCT_BUNDLE_IDENTIFIER = dev.fummicc1.sample.ReactorKitSample;
				PRODUCT_NAME = "$(TARGET_NAME)";
				SWIFT_VERSION = 5.0;
				TARGETED_DEVICE_FAMILY = "1,2";
			};
			name = Debug;
		};
		D3F92AB72493D61B00BCF073 /* Release */ = {
			isa = XCBuildConfiguration;
			baseConfigurationReference = 5E4D9F0DDE2ABE0FD55573CC /* Pods-ReactorKitSample.release.xcconfig */;
			buildSettings = {
				ASSETCATALOG_COMPILER_APPICON_NAME = AppIcon;
				CODE_SIGN_STYLE = Automatic;
				DEVELOPMENT_TEAM = 2X6AD4W323;
				FRAMEWORK_SEARCH_PATHS = (
					"$(inherited)",
					"$(PROJECT_DIR)/Carthage/Build/iOS",
				);
				INFOPLIST_FILE = ReactorKitSample/Info.plist;
				LD_RUNPATH_SEARCH_PATHS = (
					"$(inherited)",
					"@executable_path/Frameworks",
				);
				PRODUCT_BUNDLE_IDENTIFIER = dev.fummicc1.sample.ReactorKitSample;
				PRODUCT_NAME = "$(TARGET_NAME)";
				SWIFT_VERSION = 5.0;
				TARGETED_DEVICE_FAMILY = "1,2";
			};
			name = Release;
		};
		D3F92AB92493D61B00BCF073 /* Debug */ = {
			isa = XCBuildConfiguration;
			baseConfigurationReference = 7BEC1CDFFDD41CCFF76B01FB /* Pods-ReactorKitSampleTests.debug.xcconfig */;
			buildSettings = {
				ALWAYS_EMBED_SWIFT_STANDARD_LIBRARIES = YES;
				BUNDLE_LOADER = "$(TEST_HOST)";
				CODE_SIGN_STYLE = Automatic;
				DEVELOPMENT_TEAM = 2X6AD4W323;
				INFOPLIST_FILE = ReactorKitSampleTests/Info.plist;
				IPHONEOS_DEPLOYMENT_TARGET = 13.5;
				LD_RUNPATH_SEARCH_PATHS = (
					"$(inherited)",
					"@executable_path/Frameworks",
					"@loader_path/Frameworks",
				);
				PRODUCT_BUNDLE_IDENTIFIER = dev.fummicc1.sample.ReactorKitSampleTests;
				PRODUCT_NAME = "$(TARGET_NAME)";
				SWIFT_VERSION = 5.0;
				TARGETED_DEVICE_FAMILY = "1,2";
				TEST_HOST = "$(BUILT_PRODUCTS_DIR)/ReactorKitSample.app/ReactorKitSample";
			};
			name = Debug;
		};
		D3F92ABA2493D61B00BCF073 /* Release */ = {
			isa = XCBuildConfiguration;
			baseConfigurationReference = 9A6ADA32E48FD86513C0006D /* Pods-ReactorKitSampleTests.release.xcconfig */;
			buildSettings = {
				ALWAYS_EMBED_SWIFT_STANDARD_LIBRARIES = YES;
				BUNDLE_LOADER = "$(TEST_HOST)";
				CODE_SIGN_STYLE = Automatic;
				DEVELOPMENT_TEAM = 2X6AD4W323;
				INFOPLIST_FILE = ReactorKitSampleTests/Info.plist;
				IPHONEOS_DEPLOYMENT_TARGET = 13.5;
				LD_RUNPATH_SEARCH_PATHS = (
					"$(inherited)",
					"@executable_path/Frameworks",
					"@loader_path/Frameworks",
				);
				PRODUCT_BUNDLE_IDENTIFIER = dev.fummicc1.sample.ReactorKitSampleTests;
				PRODUCT_NAME = "$(TARGET_NAME)";
				SWIFT_VERSION = 5.0;
				TARGETED_DEVICE_FAMILY = "1,2";
				TEST_HOST = "$(BUILT_PRODUCTS_DIR)/ReactorKitSample.app/ReactorKitSample";
			};
			name = Release;
		};
		D3F92ABC2493D61B00BCF073 /* Debug */ = {
			isa = XCBuildConfiguration;
			baseConfigurationReference = E2C05B2A249BD01693BC5401 /* Pods-ReactorKitSample-ReactorKitSampleUITests.debug.xcconfig */;
			buildSettings = {
				ALWAYS_EMBED_SWIFT_STANDARD_LIBRARIES = YES;
				CODE_SIGN_STYLE = Automatic;
				DEVELOPMENT_TEAM = 2X6AD4W323;
				INFOPLIST_FILE = ReactorKitSampleUITests/Info.plist;
				LD_RUNPATH_SEARCH_PATHS = (
					"$(inherited)",
					"@executable_path/Frameworks",
					"@loader_path/Frameworks",
				);
				PRODUCT_BUNDLE_IDENTIFIER = dev.fummicc1.sample.ReactorKitSampleUITests;
				PRODUCT_NAME = "$(TARGET_NAME)";
				SWIFT_VERSION = 5.0;
				TARGETED_DEVICE_FAMILY = "1,2";
				TEST_TARGET_NAME = ReactorKitSample;
			};
			name = Debug;
		};
		D3F92ABD2493D61B00BCF073 /* Release */ = {
			isa = XCBuildConfiguration;
			baseConfigurationReference = 4EA1A53E1B74BEF9294B21B3 /* Pods-ReactorKitSample-ReactorKitSampleUITests.release.xcconfig */;
			buildSettings = {
				ALWAYS_EMBED_SWIFT_STANDARD_LIBRARIES = YES;
				CODE_SIGN_STYLE = Automatic;
				DEVELOPMENT_TEAM = 2X6AD4W323;
				INFOPLIST_FILE = ReactorKitSampleUITests/Info.plist;
				LD_RUNPATH_SEARCH_PATHS = (
					"$(inherited)",
					"@executable_path/Frameworks",
					"@loader_path/Frameworks",
				);
				PRODUCT_BUNDLE_IDENTIFIER = dev.fummicc1.sample.ReactorKitSampleUITests;
				PRODUCT_NAME = "$(TARGET_NAME)";
				SWIFT_VERSION = 5.0;
				TARGETED_DEVICE_FAMILY = "1,2";
				TEST_TARGET_NAME = ReactorKitSample;
			};
			name = Release;
		};
/* End XCBuildConfiguration section */

/* Begin XCConfigurationList section */
		D3F92A862493D61900BCF073 /* Build configuration list for PBXProject "ReactorKitSample" */ = {
			isa = XCConfigurationList;
			buildConfigurations = (
				D3F92AB32493D61B00BCF073 /* Debug */,
				D3F92AB42493D61B00BCF073 /* Release */,
			);
			defaultConfigurationIsVisible = 0;
			defaultConfigurationName = Release;
		};
		D3F92AB52493D61B00BCF073 /* Build configuration list for PBXNativeTarget "ReactorKitSample" */ = {
			isa = XCConfigurationList;
			buildConfigurations = (
				D3F92AB62493D61B00BCF073 /* Debug */,
				D3F92AB72493D61B00BCF073 /* Release */,
			);
			defaultConfigurationIsVisible = 0;
			defaultConfigurationName = Release;
		};
		D3F92AB82493D61B00BCF073 /* Build configuration list for PBXNativeTarget "ReactorKitSampleTests" */ = {
			isa = XCConfigurationList;
			buildConfigurations = (
				D3F92AB92493D61B00BCF073 /* Debug */,
				D3F92ABA2493D61B00BCF073 /* Release */,
			);
			defaultConfigurationIsVisible = 0;
			defaultConfigurationName = Release;
		};
		D3F92ABB2493D61B00BCF073 /* Build configuration list for PBXNativeTarget "ReactorKitSampleUITests" */ = {
			isa = XCConfigurationList;
			buildConfigurations = (
				D3F92ABC2493D61B00BCF073 /* Debug */,
				D3F92ABD2493D61B00BCF073 /* Release */,
			);
			defaultConfigurationIsVisible = 0;
			defaultConfigurationName = Release;
		};
/* End XCConfigurationList section */
	};
	rootObject = D3F92A832493D61900BCF073 /* Project object */;
}
